
Microsoft Visual Studio Solution File, Format Version 12.00
# Visual Studio Version 17
VisualStudioVersion = 17.5.33516.290
MinimumVisualStudioVersion = 10.0.40219.1
Project("{FAE04EC0-301F-11D3-BF4B-00C04F79EFBC}") = "BasicCoreProgram", "BasicCoreProgram\BasicCoreProgram.csproj", "{72B64F8E-E334-4BBC-AF3D-DCB978D69ADE}"
EndProject
Global
	GlobalSection(SolutionConfigurationPlatforms) = preSolution
		Debug|Any CPU = Debug|Any CPU
		Release|Any CPU = Release|Any CPU
	EndGlobalSection
	GlobalSection(ProjectConfigurationPlatforms) = postSolution
		{72B64F8E-E334-4BBC-AF3D-DCB978D69ADE}.Debug|Any CPU.ActiveCfg = Debug|Any CPU
		{72B64F8E-E334-4BBC-AF3D-DCB978D69ADE}.Debug|Any CPU.Build.0 = Debug|Any CPU
		{72B64F8E-E334-4BBC-AF3D-DCB978D69ADE}.Release|Any CPU.ActiveCfg = Release|Any CPU
		{72B64F8E-E334-4BBC-AF3D-DCB978D69ADE}.Release|Any CPU.Build.0 = Release|Any CPU
	EndGlobalSection
	GlobalSection(SolutionProperties) = preSolution
		HideSolutionNode = FALSE
	EndGlobalSection
	GlobalSection(ExtensibilityGlobals) = postSolution
		SolutionGuid = {466641C8-C2C7-45ED-9A3F-DB2E37558A4A}
	EndGlobalSection
EndGlobal
